
Microsoft Visual Studio Solution File, Format Version 12.00
# Visual Studio Version 17
VisualStudioVersion = 17.5.33414.496
MinimumVisualStudioVersion = 10.0.40219.1
Project("{FAE04EC0-301F-11D3-BF4B-00C04F79EFBC}") = "Nico Exo 2", "Nico Exo 2\Nico Exo 2.csproj", "{DCF40995-3BC3-46E4-808E-87A1E3791DAD}"
EndProject
Global
	GlobalSection(SolutionConfigurationPlatforms) = preSolution
		Debug|Any CPU = Debug|Any CPU
		Release|Any CPU = Release|Any CPU
	EndGlobalSection
	GlobalSection(ProjectConfigurationPlatforms) = postSolution
		{DCF40995-3BC3-46E4-808E-87A1E3791DAD}.Debug|Any CPU.ActiveCfg = Debug|Any CPU
		{DCF40995-3BC3-46E4-808E-87A1E3791DAD}.Debug|Any CPU.Build.0 = Debug|Any CPU
		{DCF40995-3BC3-46E4-808E-87A1E3791DAD}.Release|Any CPU.ActiveCfg = Release|Any CPU
		{DCF40995-3BC3-46E4-808E-87A1E3791DAD}.Release|Any CPU.Build.0 = Release|Any CPU
	EndGlobalSection
	GlobalSection(SolutionProperties) = preSolution
		HideSolutionNode = FALSE
	EndGlobalSection
	GlobalSection(ExtensibilityGlobals) = postSolution
		SolutionGuid = {77ADC348-EF05-4275-B560-6BA8A88CFA1A}
	EndGlobalSection
EndGlobal
